
Microsoft Visual Studio Solution File, Format Version 12.00
# Visual Studio Version 16
VisualStudioVersion = 16.0.30002.166
MinimumVisualStudioVersion = 10.0.40219.1
Project("{FAE04EC0-301F-11D3-BF4B-00C04F79EFBC}") = "3Form", "3Form\3Form.csproj", "{1967DAE1-2E74-45CA-B384-D50493A4FFD4}"
EndProject
Global
	GlobalSection(SolutionConfigurationPlatforms) = preSolution
		Debug|Any CPU = Debug|Any CPU
		Release|Any CPU = Release|Any CPU
	EndGlobalSection
	GlobalSection(ProjectConfigurationPlatforms) = postSolution
		{1967DAE1-2E74-45CA-B384-D50493A4FFD4}.Debug|Any CPU.ActiveCfg = Debug|Any CPU
		{1967DAE1-2E74-45CA-B384-D50493A4FFD4}.Debug|Any CPU.Build.0 = Debug|Any CPU
		{1967DAE1-2E74-45CA-B384-D50493A4FFD4}.Release|Any CPU.ActiveCfg = Release|Any CPU
		{1967DAE1-2E74-45CA-B384-D50493A4FFD4}.Release|Any CPU.Build.0 = Release|Any CPU
	EndGlobalSection
	GlobalSection(SolutionProperties) = preSolution
		HideSolutionNode = FALSE
	EndGlobalSection
	GlobalSection(ExtensibilityGlobals) = postSolution
		SolutionGuid = {6E8D78FF-0FDD-48FB-AA22-B47A0826FBD2}
	EndGlobalSection
EndGlobal
